
Microsoft Visual Studio Solution File, Format Version 12.00
# Visual Studio 15
VisualStudioVersion = 15.0.27130.2027
MinimumVisualStudioVersion = 10.0.40219.1
Project("{FAE04EC0-301F-11D3-BF4B-00C04F79EFBC}") = "4onACouch", "4onACouch\4onACouch.csproj", "{5D560838-74F2-474D-84B7-533C47B4915C}"
EndProject
Global
	GlobalSection(SolutionConfigurationPlatforms) = preSolution
		Debug|Any CPU = Debug|Any CPU
		Release|Any CPU = Release|Any CPU
	EndGlobalSection
	GlobalSection(ProjectConfigurationPlatforms) = postSolution
		{5D560838-74F2-474D-84B7-533C47B4915C}.Debug|Any CPU.ActiveCfg = Debug|Any CPU
		{5D560838-74F2-474D-84B7-533C47B4915C}.Debug|Any CPU.Build.0 = Debug|Any CPU
		{5D560838-74F2-474D-84B7-533C47B4915C}.Release|Any CPU.ActiveCfg = Release|Any CPU
		{5D560838-74F2-474D-84B7-533C47B4915C}.Release|Any CPU.Build.0 = Release|Any CPU
	EndGlobalSection
	GlobalSection(SolutionProperties) = preSolution
		HideSolutionNode = FALSE
	EndGlobalSection
	GlobalSection(ExtensibilityGlobals) = postSolution
		SolutionGuid = {75AB8B6D-3BA5-4666-BC91-9789000B5C3D}
	EndGlobalSection
EndGlobal
